// !$*UTF8*$!
{
	archiveVersion = 1;
	classes = {
	};
	objectVersion = 46;
	objects = {

/* Begin PBXBuildFile section */
		5B0C702F1851609D00536704 /* Foundation.framework in Frameworks */ = {isa = PBXBuildFile; fileRef = 5B0C702E1851609D00536704 /* Foundation.framework */; };
		5B0C70311851609D00536704 /* CoreGraphics.framework in Frameworks */ = {isa = PBXBuildFile; fileRef = 5B0C70301851609D00536704 /* CoreGraphics.framework */; };
		5B0C70331851609D00536704 /* UIKit.framework in Frameworks */ = {isa = PBXBuildFile; fileRef = 5B0C70321851609D00536704 /* UIKit.framework */; };
		5B0C70391851609D00536704 /* InfoPlist.strings in Resources */ = {isa = PBXBuildFile; fileRef = 5B0C70371851609D00536704 /* InfoPlist.strings */; };
		5B0C703B1851609D00536704 /* main.m in Sources */ = {isa = PBXBuildFile; fileRef = 5B0C703A1851609D00536704 /* main.m */; };
		5B0C703F1851609D00536704 /* AppDelegate.m in Sources */ = {isa = PBXBuildFile; fileRef = 5B0C703E1851609D00536704 /* AppDelegate.m */; };
		5B0C70411851609D00536704 /* Images.xcassets in Resources */ = {isa = PBXBuildFile; fileRef = 5B0C70401851609D00536704 /* Images.xcassets */; };
		5B0C70481851609D00536704 /* XCTest.framework in Frameworks */ = {isa = PBXBuildFile; fileRef = 5B0C70471851609D00536704 /* XCTest.framework */; };
		5B0C70491851609D00536704 /* Foundation.framework in Frameworks */ = {isa = PBXBuildFile; fileRef = 5B0C702E1851609D00536704 /* Foundation.framework */; };
		5B0C704A1851609D00536704 /* UIKit.framework in Frameworks */ = {isa = PBXBuildFile; fileRef = 5B0C70321851609D00536704 /* UIKit.framework */; };
		5B0C70521851609D00536704 /* InfoPlist.strings in Resources */ = {isa = PBXBuildFile; fileRef = 5B0C70501851609D00536704 /* InfoPlist.strings */; };
		5B0C70541851609D00536704 /* Temperature_ConverterTests.m in Sources */ = {isa = PBXBuildFile; fileRef = 5B0C70531851609D00536704 /* Temperature_ConverterTests.m */; };
/* End PBXBuildFile section */

/* Begin PBXContainerItemProxy section */
		5B0C704B1851609D00536704 /* PBXContainerItemProxy */ = {
			isa = PBXContainerItemProxy;
			containerPortal = 5B0C70231851609D00536704 /* Project object */;
			proxyType = 1;
			remoteGlobalIDString = 5B0C702A1851609D00536704;
			remoteInfo = "Temperature Converter";
		};
/* End PBXContainerItemProxy section */

/* Begin PBXFileReference section */
		5B0C702B1851609D00536704 /* Temperature Converter.app */ = {isa = PBXFileReference; explicitFileType = wrapper.application; includeInIndex = 0; path = "Temperature Converter.app"; sourceTree = BUILT_PRODUCTS_DIR; };
		5B0C702E1851609D00536704 /* Foundation.framework */ = {isa = PBXFileReference; lastKnownFileType = wrapper.framework; name = Foundation.framework; path = System/Library/Frameworks/Foundation.framework; sourceTree = SDKROOT; };
		5B0C70301851609D00536704 /* CoreGraphics.framework */ = {isa = PBXFileReference; lastKnownFileType = wrapper.framework; name = CoreGraphics.framework; path = System/Library/Frameworks/CoreGraphics.framework; sourceTree = SDKROOT; };
		5B0C70321851609D00536704 /* UIKit.framework */ = {isa = PBXFileReference; lastKnownFileType = wrapper.framework; name = UIKit.framework; path = System/Library/Frameworks/UIKit.framework; sourceTree = SDKROOT; };
		5B0C70361851609D00536704 /* Temperature Converter-Info.plist */ = {isa = PBXFileReference; lastKnownFileType = text.plist.xml; path = "Temperature Converter-Info.plist"; sourceTree = "<group>"; };
		5B0C70381851609D00536704 /* en */ = {isa = PBXFileReference; lastKnownFileType = text.plist.strings; name = en; path = en.lproj/InfoPlist.strings; sourceTree = "<group>"; };
		5B0C703A1851609D00536704 /* main.m */ = {isa = PBXFileReference; lastKnownFileType = sourcecode.c.objc; path = main.m; sourceTree = "<group>"; };
		5B0C703C1851609D00536704 /* Temperature Converter-Prefix.pch */ = {isa = PBXFileReference; lastKnownFileType = sourcecode.c.h; path = "Temperature Converter-Prefix.pch"; sourceTree = "<group>"; };
		5B0C703D1851609D00536704 /* AppDelegate.h */ = {isa = PBXFileReference; lastKnownFileType = sourcecode.c.h; path = AppDelegate.h; sourceTree = "<group>"; };
		5B0C703E1851609D00536704 /* AppDelegate.m */ = {isa = PBXFileReference; lastKnownFileType = sourcecode.c.objc; path = AppDelegate.m; sourceTree = "<group>"; };
		5B0C70401851609D00536704 /* Images.xcassets */ = {isa = PBXFileReference; lastKnownFileType = folder.assetcatalog; path = Images.xcassets; sourceTree = "<group>"; };
		5B0C70461851609D00536704 /* Temperature ConverterTests.xctest */ = {isa = PBXFileReference; explicitFileType = wrapper.cfbundle; includeInIndex = 0; path = "Temperature ConverterTests.xctest"; sourceTree = BUILT_PRODUCTS_DIR; };
		5B0C70471851609D00536704 /* XCTest.framework */ = {isa = PBXFileReference; lastKnownFileType = wrapper.framework; name = XCTest.framework; path = Library/Frameworks/XCTest.framework; sourceTree = DEVELOPER_DIR; };
		5B0C704F1851609D00536704 /* Temperature ConverterTests-Info.plist */ = {isa = PBXFileReference; lastKnownFileType = text.plist.xml; path = "Temperature ConverterTests-Info.plist"; sourceTree = "<group>"; };
		5B0C70511851609D00536704 /* en */ = {isa = PBXFileReference; lastKnownFileType = text.plist.strings; name = en; path = en.lproj/InfoPlist.strings; sourceTree = "<group>"; };
		5B0C70531851609D00536704 /* Temperature_ConverterTests.m */ = {isa = PBXFileReference; lastKnownFileType = sourcecode.c.objc; path = Temperature_ConverterTests.m; sourceTree = "<group>"; };
/* End PBXFileReference section */

/* Begin PBXFrameworksBuildPhase section */
		5B0C70281851609D00536704 /* Frameworks */ = {
			isa = PBXFrameworksBuildPhase;
			buildActionMask = 2147483647;
			files = (
				5B0C70311851609D00536704 /* CoreGraphics.framework in Frameworks */,
				5B0C70331851609D00536704 /* UIKit.framework in Frameworks */,
				5B0C702F1851609D00536704 /* Foundation.framework in Frameworks */,
			);
			runOnlyForDeploymentPostprocessing = 0;
		};
		5B0C70431851609D00536704 /* Frameworks */ = {
			isa = PBXFrameworksBuildPhase;
			buildActionMask = 2147483647;
			files = (
				5B0C70481851609D00536704 /* XCTest.framework in Frameworks */,
				5B0C704A1851609D00536704 /* UIKit.framework in Frameworks */,
				5B0C70491851609D00536704 /* Foundation.framework in Frameworks */,
			);
			runOnlyForDeploymentPostprocessing = 0;
		};
/* End PBXFrameworksBuildPhase section */

/* Begin PBXGroup section */
		5B0C70221851609D00536704 = {
			isa = PBXGroup;
			children = (
				5B0C70341851609D00536704 /* Temperature Converter */,
				5B0C704D1851609D00536704 /* Temperature ConverterTests */,
				5B0C702D1851609D00536704 /* Frameworks */,
				5B0C702C1851609D00536704 /* Products */,
			);
			sourceTree = "<group>";
		};
		5B0C702C1851609D00536704 /* Products */ = {
			isa = PBXGroup;
			children = (
				5B0C702B1851609D00536704 /* Temperature Converter.app */,
				5B0C70461851609D00536704 /* Temperature ConverterTests.xctest */,
			);
			name = Products;
			sourceTree = "<group>";
		};
		5B0C702D1851609D00536704 /* Frameworks */ = {
			isa = PBXGroup;
			children = (
				5B0C702E1851609D00536704 /* Foundation.framework */,
				5B0C70301851609D00536704 /* CoreGraphics.framework */,
				5B0C70321851609D00536704 /* UIKit.framework */,
				5B0C70471851609D00536704 /* XCTest.framework */,
			);
			name = Frameworks;
			sourceTree = "<group>";
		};
		5B0C70341851609D00536704 /* Temperature Converter */ = {
			isa = PBXGroup;
			children = (
				5B0C703D1851609D00536704 /* AppDelegate.h */,
				5B0C703E1851609D00536704 /* AppDelegate.m */,
				5B0C70401851609D00536704 /* Images.xcassets */,
				5B0C70351851609D00536704 /* Supporting Files */,
			);
			path = "Temperature Converter";
			sourceTree = "<group>";
		};
		5B0C70351851609D00536704 /* Supporting Files */ = {
			isa = PBXGroup;
			children = (
				5B0C70361851609D00536704 /* Temperature Converter-Info.plist */,
				5B0C70371851609D00536704 /* InfoPlist.strings */,
				5B0C703A1851609D00536704 /* main.m */,
				5B0C703C1851609D00536704 /* Temperature Converter-Prefix.pch */,
			);
			name = "Supporting Files";
			sourceTree = "<group>";
		};
		5B0C704D1851609D00536704 /* Temperature ConverterTests */ = {
			isa = PBXGroup;
			children = (
				5B0C70531851609D00536704 /* Temperature_ConverterTests.m */,
				5B0C704E1851609D00536704 /* Supporting Files */,
			);
			path = "Temperature ConverterTests";
			sourceTree = "<group>";
		};
		5B0C704E1851609D00536704 /* Supporting Files */ = {
			isa = PBXGroup;
			children = (
				5B0C704F1851609D00536704 /* Temperature ConverterTests-Info.plist */,
				5B0C70501851609D00536704 /* InfoPlist.strings */,
			);
			name = "Supporting Files";
			sourceTree = "<group>";
		};
/* End PBXGroup section */

/* Begin PBXNativeTarget section */
		5B0C702A1851609D00536704 /* Temperature Converter */ = {
			isa = PBXNativeTarget;
			buildConfigurationList = 5B0C70571851609D00536704 /* Build configuration list for PBXNativeTarget "Temperature Converter" */;
			buildPhases = (
				5B0C70271851609D00536704 /* Sources */,
				5B0C70281851609D00536704 /* Frameworks */,
				5B0C70291851609D00536704 /* Resources */,
			);
			buildRules = (
			);
			dependencies = (
			);
			name = "Temperature Converter";
			productName = "Temperature Converter";
			productReference = 5B0C702B1851609D00536704 /* Temperature Converter.app */;
			productType = "com.apple.product-type.application";
		};
		5B0C70451851609D00536704 /* Temperature ConverterTests */ = {
			isa = PBXNativeTarget;
			buildConfigurationList = 5B0C705A1851609D00536704 /* Build configuration list for PBXNativeTarget "Temperature ConverterTests" */;
			buildPhases = (
				5B0C70421851609D00536704 /* Sources */,
				5B0C70431851609D00536704 /* Frameworks */,
				5B0C70441851609D00536704 /* Resources */,
			);
			buildRules = (
			);
			dependencies = (
				5B0C704C1851609D00536704 /* PBXTargetDependency */,
			);
			name = "Temperature ConverterTests";
			productName = "Temperature ConverterTests";
			productReference = 5B0C70461851609D00536704 /* Temperature ConverterTests.xctest */;
			productType = "com.apple.product-type.bundle.unit-test";
		};
/* End PBXNativeTarget section */

/* Begin PBXProject section */
		5B0C70231851609D00536704 /* Project object */ = {
			isa = PBXProject;
			attributes = {
				LastUpgradeCheck = 0500;
				ORGANIZATIONNAME = "John Rodriguez";
				TargetAttributes = {
					5B0C70451851609D00536704 = {
						TestTargetID = 5B0C702A1851609D00536704;
					};
				};
			};
			buildConfigurationList = 5B0C70261851609D00536704 /* Build configuration list for PBXProject "Temperature Converter" */;
			compatibilityVersion = "Xcode 3.2";
			developmentRegion = English;
			hasScannedForEncodings = 0;
			knownRegions = (
				en,
			);
			mainGroup = 5B0C70221851609D00536704;
			productRefGroup = 5B0C702C1851609D00536704 /* Products */;
			projectDirPath = "";
			projectRoot = "";
			targets = (
				5B0C702A1851609D00536704 /* Temperature Converter */,
				5B0C70451851609D00536704 /* Temperature ConverterTests */,
			);
		};
/* End PBXProject section */

/* Begin PBXResourcesBuildPhase section */
		5B0C70291851609D00536704 /* Resources */ = {
			isa = PBXResourcesBuildPhase;
			buildActionMask = 2147483647;
			files = (
				5B0C70391851609D00536704 /* InfoPlist.strings in Resources */,
				5B0C70411851609D00536704 /* Images.xcassets in Resources */,
			);
			runOnlyForDeploymentPostprocessing = 0;
		};
		5B0C70441851609D00536704 /* Resources */ = {
			isa = PBXResourcesBuildPhase;
			buildActionMask = 2147483647;
			files = (
				5B0C70521851609D00536704 /* InfoPlist.strings in Resources */,
			);
			runOnlyForDeploymentPostprocessing = 0;
		};
/* End PBXResourcesBuildPhase section */

/* Begin PBXSourcesBuildPhase section */
		5B0C70271851609D00536704 /* Sources */ = {
			isa = PBXSourcesBuildPhase;
			buildActionMask = 2147483647;
			files = (
				5B0C703F1851609D00536704 /* AppDelegate.m in Sources */,
				5B0C703B1851609D00536704 /* main.m in Sources */,
			);
			runOnlyForDeploymentPostprocessing = 0;
		};
		5B0C70421851609D00536704 /* Sources */ = {
			isa = PBXSourcesBuildPhase;
			buildActionMask = 2147483647;
			files = (
				5B0C70541851609D00536704 /* Temperature_ConverterTests.m in Sources */,
			);
			runOnlyForDeploymentPostprocessing = 0;
		};
/* End PBXSourcesBuildPhase section */

/* Begin PBXTargetDependency section */
		5B0C704C1851609D00536704 /* PBXTargetDependency */ = {
			isa = PBXTargetDependency;
			target = 5B0C702A1851609D00536704 /* Temperature Converter */;
			targetProxy = 5B0C704B1851609D00536704 /* PBXContainerItemProxy */;
		};
/* End PBXTargetDependency section */

/* Begin PBXVariantGroup section */
		5B0C70371851609D00536704 /* InfoPlist.strings */ = {
			isa = PBXVariantGroup;
			children = (
				5B0C70381851609D00536704 /* en */,
			);
			name = InfoPlist.strings;
			sourceTree = "<group>";
		};
		5B0C70501851609D00536704 /* InfoPlist.strings */ = {
			isa = PBXVariantGroup;
			children = (
				5B0C70511851609D00536704 /* en */,
			);
			name = InfoPlist.strings;
			sourceTree = "<group>";
		};
/* End PBXVariantGroup section */

/* Begin XCBuildConfiguration section */
		5B0C70551851609D00536704 /* Debug */ = {
			isa = XCBuildConfiguration;
			buildSettings = {
				ALWAYS_SEARCH_USER_PATHS = NO;
				ARCHS = "$(ARCHS_STANDARD_INCLUDING_64_BIT)";
				CLANG_CXX_LANGUAGE_STANDARD = "gnu++0x";
				CLANG_CXX_LIBRARY = "libc++";
				CLANG_ENABLE_MODULES = YES;
				CLANG_ENABLE_OBJC_ARC = YES;
				CLANG_WARN_BOOL_CONVERSION = YES;
				CLANG_WARN_CONSTANT_CONVERSION = YES;
				CLANG_WARN_DIRECT_OBJC_ISA_USAGE = YES_ERROR;
				CLANG_WARN_EMPTY_BODY = YES;
				CLANG_WARN_ENUM_CONVERSION = YES;
				CLANG_WARN_INT_CONVERSION = YES;
				CLANG_WARN_OBJC_ROOT_CLASS = YES_ERROR;
				CLANG_WARN__DUPLICATE_METHOD_MATCH = YES;
				"CODE_SIGN_IDENTITY[sdk=iphoneos*]" = "iPhone Developer";
				COPY_PHASE_STRIP = NO;
				GCC_C_LANGUAGE_STANDARD = gnu99;
				GCC_DYNAMIC_NO_PIC = NO;
				GCC_OPTIMIZATION_LEVEL = 0;
				GCC_PREPROCESSOR_DEFINITIONS = (
					"DEBUG=1",
					"$(inherited)",
				);
				GCC_SYMBOLS_PRIVATE_EXTERN = NO;
				GCC_WARN_64_TO_32_BIT_CONVERSION = YES;
				GCC_WARN_ABOUT_RETURN_TYPE = YES_ERROR;
				GCC_WARN_UNDECLARED_SELECTOR = YES;
				GCC_WARN_UNINITIALIZED_AUTOS = YES;
				GCC_WARN_UNUSED_FUNCTION = YES;
				GCC_WARN_UNUSED_VARIABLE = YES;
				IPHONEOS_DEPLOYMENT_TARGET = 7.0;
				ONLY_ACTIVE_ARCH = YES;
				SDKROOT = iphoneos;
				TARGETED_DEVICE_FAMILY = "1,2";
			};
			name = Debug;
		};
		5B0C70561851609D00536704 /* Release */ = {
			isa = XCBuildConfiguration;
			buildSettings = {
				ALWAYS_SEARCH_USER_PATHS = NO;
				ARCHS = "$(ARCHS_STANDARD_INCLUDING_64_BIT)";
				CLANG_CXX_LANGUAGE_STANDARD = "gnu++0x";
				CLANG_CXX_LIBRARY = "libc++";
				CLANG_ENABLE_MODULES = YES;
				CLANG_ENABLE_OBJC_ARC = YES;
				CLANG_WARN_BOOL_CONVERSION = YES;
				CLANG_WARN_CONSTANT_CONVERSION = YES;
				CLANG_WARN_DIRECT_OBJC_ISA_USAGE = YES_ERROR;
				CLANG_WARN_EMPTY_BODY = YES;
				CLANG_WARN_ENUM_CONVERSION = YES;
				CLANG_WARN_INT_CONVERSION = YES;
				CLANG_WARN_OBJC_ROOT_CLASS = YES_ERROR;
				CLANG_WARN__DUPLICATE_METHOD_MATCH = YES;
				"CODE_SIGN_IDENTITY[sdk=iphoneos*]" = "iPhone Developer";
				COPY_PHASE_STRIP = YES;
				ENABLE_NS_ASSERTIONS = NO;
				GCC_C_LANGUAGE_STANDARD = gnu99;
				GCC_WARN_64_TO_32_BIT_CONVERSION = YES;
				GCC_WARN_ABOUT_RETURN_TYPE = YES_ERROR;
				GCC_WARN_UNDECLARED_SELECTOR = YES;
				GCC_WARN_UNINITIALIZED_AUTOS = YES;
				GCC_WARN_UNUSED_FUNCTION = YES;
				GCC_WARN_UNUSED_VARIABLE = YES;
				IPHONEOS_DEPLOYMENT_TARGET = 7.0;
				SDKROOT = iphoneos;
				TARGETED_DEVICE_FAMILY = "1,2";
				VALIDATE_PRODUCT = YES;
			};
			name = Release;
		};
		5B0C70581851609D00536704 /* Debug */ = {
			isa = XCBuildConfiguration;
			buildSettings = {
				ASSETCATALOG_COMPILER_APPICON_NAME = AppIcon;
				ASSETCATALOG_COMPILER_LAUNCHIMAGE_NAME = LaunchImage;
				GCC_PRECOMPILE_PREFIX_HEADER = YES;
				GCC_PREFIX_HEADER = "Temperature Converter/Temperature Converter-Prefix.pch";
				INFOPLIST_FILE = "Temperature Converter/Temperature Converter-Info.plist";
				PRODUCT_NAME = "$(TARGET_NAME)";
				WRAPPER_EXTENSION = app;
			};
			name = Debug;
		};
		5B0C70591851609D00536704 /* Release */ = {
			isa = XCBuildConfiguration;
			buildSettings = {
				ASSETCATALOG_COMPILER_APPICON_NAME = AppIcon;
				ASSETCATALOG_COMPILER_LAUNCHIMAGE_NAME = LaunchImage;
				GCC_PRECOMPILE_PREFIX_HEADER = YES;
				GCC_PREFIX_HEADER = "Temperature Converter/Temperature Converter-Prefix.pch";
				INFOPLIST_FILE = "Temperature Converter/Temperature Converter-Info.plist";
				PRODUCT_NAME = "$(TARGET_NAME)";
				WRAPPER_EXTENSION = app;
			};
			name = Release;
		};
		5B0C705B1851609D00536704 /* Debug */ = {
			isa = XCBuildConfiguration;
			buildSettings = {
				ARCHS = "$(ARCHS_STANDARD_INCLUDING_64_BIT)";
				BUNDLE_LOADER = "$(BUILT_PRODUCTS_DIR)/Temperature Converter.app/Temperature Converter";
				FRAMEWORK_SEARCH_PATHS = (
					"$(SDKROOT)/Developer/Library/Frameworks",
					"$(inherited)",
					"$(DEVELOPER_FRAMEWORKS_DIR)",
				);
				GCC_PRECOMPILE_PREFIX_HEADER = YES;
				GCC_PREFIX_HEADER = "Temperature Converter/Temperature Converter-Prefix.pch";
				GCC_PREPROCESSOR_DEFINITIONS = (
					"DEBUG=1",
					"$(inherited)",
				);
				INFOPLIST_FILE = "Temperature ConverterTests/Temperature ConverterTests-Info.plist";
				PRODUCT_NAME = "$(TARGET_NAME)";
				TEST_HOST = "$(BUNDLE_LOADER)";
				WRAPPER_EXTENSION = xctest;
			};
			name = Debug;
		};
		5B0C705C1851609D00536704 /* Release */ = {
			isa = XCBuildConfiguration;
			buildSettings = {
				ARCHS = "$(ARCHS_STANDARD_INCLUDING_64_BIT)";
				BUNDLE_LOADER = "$(BUILT_PRODUCTS_DIR)/Temperature Converter.app/Temperature Converter";
				FRAMEWORK_SEARCH_PATHS = (
					"$(SDKROOT)/Developer/Library/Frameworks",
					"$(inherited)",
					"$(DEVELOPER_FRAMEWORKS_DIR)",
				);
				GCC_PRECOMPILE_PREFIX_HEADER = YES;
				GCC_PREFIX_HEADER = "Temperature Converter/Temperature Converter-Prefix.pch";
				INFOPLIST_FILE = "Temperature ConverterTests/Temperature ConverterTests-Info.plist";
				PRODUCT_NAME = "$(TARGET_NAME)";
				TEST_HOST = "$(BUNDLE_LOADER)";
				WRAPPER_EXTENSION = xctest;
			};
			name = Release;
		};
/* End XCBuildConfiguration section */

/* Begin XCConfigurationList section */
		5B0C70261851609D00536704 /* Build configuration list for PBXProject "Temperature Converter" */ = {
			isa = XCConfigurationList;
			buildConfigurations = (
				5B0C70551851609D00536704 /* Debug */,
				5B0C70561851609D00536704 /* Release */,
			);
			defaultConfigurationIsVisible = 0;
			defaultConfigurationName = Release;
		};
		5B0C70571851609D00536704 /* Build configuration list for PBXNativeTarget "Temperature Converter" */ = {
			isa = XCConfigurationList;
			buildConfigurations = (
				5B0C70581851609D00536704 /* Debug */,
				5B0C70591851609D00536704 /* Release */,
			);
			defaultConfigurationIsVisible = 0;
		};
		5B0C705A1851609D00536704 /* Build configuration list for PBXNativeTarget "Temperature ConverterTests" */ = {
			isa = XCConfigurationList;
			buildConfigurations = (
				5B0C705B1851609D00536704 /* Debug */,
				5B0C705C1851609D00536704 /* Release */,
			);
			defaultConfigurationIsVisible = 0;
		};
/* End XCConfigurationList section */
	};
	rootObject = 5B0C70231851609D00536704 /* Project object */;
}
